
Microsoft Visual Studio Solution File, Format Version 12.00
# Visual Studio Version 17
VisualStudioVersion = 17.7.34031.279
MinimumVisualStudioVersion = 10.0.40219.1
Project("{FAE04EC0-301F-11D3-BF4B-00C04F79EFBC}") = "Exercises and Challenges", "Exercises and Challenges\Exercises and Challenges.csproj", "{235C6A60-DFD1-4F0D-BC4C-DA882896A102}"
EndProject
Project("{2150E333-8FDC-42A3-9474-1A3956D46DE8}") = "Project Euler", "Project Euler", "{58667A08-8183-4F40-9664-46ABFD4F7858}"
EndProject
Global
	GlobalSection(SolutionConfigurationPlatforms) = preSolution
		Debug|Any CPU = Debug|Any CPU
		Release|Any CPU = Release|Any CPU
	EndGlobalSection
	GlobalSection(ProjectConfigurationPlatforms) = postSolution
		{235C6A60-DFD1-4F0D-BC4C-DA882896A102}.Debug|Any CPU.ActiveCfg = Debug|Any CPU
		{235C6A60-DFD1-4F0D-BC4C-DA882896A102}.Debug|Any CPU.Build.0 = Debug|Any CPU
		{235C6A60-DFD1-4F0D-BC4C-DA882896A102}.Release|Any CPU.ActiveCfg = Release|Any CPU
		{235C6A60-DFD1-4F0D-BC4C-DA882896A102}.Release|Any CPU.Build.0 = Release|Any CPU
	EndGlobalSection
	GlobalSection(SolutionProperties) = preSolution
		HideSolutionNode = FALSE
	EndGlobalSection
	GlobalSection(NestedProjects) = preSolution
		{235C6A60-DFD1-4F0D-BC4C-DA882896A102} = {58667A08-8183-4F40-9664-46ABFD4F7858}
	EndGlobalSection
	GlobalSection(ExtensibilityGlobals) = postSolution
		SolutionGuid = {B342A088-7182-44B2-8F9B-7F3FD01921ED}
	EndGlobalSection
EndGlobal
